{
  "name": "etl-with-nodejs",
  "version": "1.0.0",
  "lockfileVersion": 1,
  "requires": true,
  "dependencies": {
    "csv-parse": {
      "version": "4.15.1",
      "resolved": "https://registry.npmjs.org/csv-parse/-/csv-parse-4.15.1.tgz",
      "integrity": "sha512-TXIvRtNp0fqMJbk3yPR35bQIDzMH4khDwduElzE7Fl1wgnl25mnWYLSLqd/wS5GsDoX1rWtysivEYMNsz5jKwQ=="
    },
    "google-libphonenumber": {
      "version": "3.2.17",
      "resolved": "https://registry.npmjs.org/google-libphonenumber/-/google-libphonenumber-3.2.17.tgz",
      "integrity": "sha512-T1fBQ3ujlpo4VUe0palZVHxBkY1zsfCShkS3l1rNq/d5C6C1SIijo8aXzgpJeGQFB8Bk+C36o6jhLl05NtfQ3w=="
    },
    "lodash": {
      "version": "4.17.20",
      "resolved": "https://registry.npmjs.org/lodash/-/lodash-4.17.20.tgz",
      "integrity": "sha512-PlhdFcillOINfeV7Ni6oF1TAEayyZBoZ8bcshTHqOYJYlrqzRK5hagpagky5o4HfCzzd1TRkXPMFq6cKk9rGmA=="
    }
  }
}
